
Microsoft Visual Studio Solution File, Format Version 12.00
# Visual Studio Version 17
VisualStudioVersion = 17.14.36203.30 d17.14
MinimumVisualStudioVersion = 10.0.40219.1
Project("{FAE04EC0-301F-11D3-BF4B-00C04F79EFBC}") = "StockAPI", "StockAPI\StockAPI.csproj", "{AF3C1722-EE90-4EF5-8739-8B831E737AE1}"
EndProject
Global
	GlobalSection(SolutionConfigurationPlatforms) = preSolution
		Debug|Any CPU = Debug|Any CPU
		Release|Any CPU = Release|Any CPU
	EndGlobalSection
	GlobalSection(ProjectConfigurationPlatforms) = postSolution
		{AF3C1722-EE90-4EF5-8739-8B831E737AE1}.Debug|Any CPU.ActiveCfg = Debug|Any CPU
		{AF3C1722-EE90-4EF5-8739-8B831E737AE1}.Debug|Any CPU.Build.0 = Debug|Any CPU
		{AF3C1722-EE90-4EF5-8739-8B831E737AE1}.Release|Any CPU.ActiveCfg = Release|Any CPU
		{AF3C1722-EE90-4EF5-8739-8B831E737AE1}.Release|Any CPU.Build.0 = Release|Any CPU
	EndGlobalSection
	GlobalSection(SolutionProperties) = preSolution
		HideSolutionNode = FALSE
	EndGlobalSection
	GlobalSection(ExtensibilityGlobals) = postSolution
		SolutionGuid = {F78774A0-C7A9-470F-B3A5-A0E3F2B60BA2}
	EndGlobalSection
EndGlobal
